// !$*UTF8*$!
{
	archiveVersion = 1;
	classes = {
	};
	objectVersion = 77;
	objects = {

/* Begin PBXBuildFile section */
		A10000000000000000000036 /* ViaAPIContract in Frameworks */ = {isa = PBXBuildFile; productRef = F20000000000000000000001 /* ViaAPIContract */; };
		A10000000000000000000001 /* ViaApp.swift in Sources */ = {isa = PBXBuildFile; fileRef = B10000000000000000000001 /* ViaApp.swift */; };
		A10000000000000000000002 /* AppRouter.swift in Sources */ = {isa = PBXBuildFile; fileRef = B10000000000000000000002 /* AppRouter.swift */; };
		A10000000000000000000003 /* AppDependencies.swift in Sources */ = {isa = PBXBuildFile; fileRef = B10000000000000000000003 /* AppDependencies.swift */; };
		A10000000000000000000004 /* RootView.swift in Sources */ = {isa = PBXBuildFile; fileRef = B10000000000000000000004 /* RootView.swift */; };
		A10000000000000000000005 /* ViaTheme.swift in Sources */ = {isa = PBXBuildFile; fileRef = B10000000000000000000005 /* ViaTheme.swift */; };
		A10000000000000000000006 /* ViaButton.swift in Sources */ = {isa = PBXBuildFile; fileRef = B10000000000000000000006 /* ViaButton.swift */; };
		A10000000000000000000007 /* LineBadgeView.swift in Sources */ = {isa = PBXBuildFile; fileRef = B10000000000000000000007 /* LineBadgeView.swift */; };
		A10000000000000000000008 /* TransitModels.swift in Sources */ = {isa = PBXBuildFile; fileRef = B10000000000000000000008 /* TransitModels.swift */; };
		A10000000000000000000009 /* ViewportTiles.swift in Sources */ = {isa = PBXBuildFile; fileRef = B10000000000000000000009 /* ViewportTiles.swift */; };
		A1000000000000000000000A /* MapFlow.swift in Sources */ = {isa = PBXBuildFile; fileRef = B1000000000000000000000A /* MapFlow.swift */; };
		A1000000000000000000000B /* DepartureRows.swift in Sources */ = {isa = PBXBuildFile; fileRef = B1000000000000000000000B /* DepartureRows.swift */; };
		A1000000000000000000000C /* TransitAPI.swift in Sources */ = {isa = PBXBuildFile; fileRef = B1000000000000000000000C /* TransitAPI.swift */; };
		A1000000000000000000000D /* OpenAPITransitAPI.swift in Sources */ = {isa = PBXBuildFile; fileRef = B1000000000000000000000D /* OpenAPITransitAPI.swift */; };
		A1000000000000000000000E /* ClientIdentityStore.swift in Sources */ = {isa = PBXBuildFile; fileRef = B1000000000000000000000E /* ClientIdentityStore.swift */; };
		A1000000000000000000000F /* LocationClient.swift in Sources */ = {isa = PBXBuildFile; fileRef = B1000000000000000000000F /* LocationClient.swift */; };
		A10000000000000000000010 /* MapFeatureModel.swift in Sources */ = {isa = PBXBuildFile; fileRef = B10000000000000000000010 /* MapFeatureModel.swift */; };
		A10000000000000000000011 /* SearchBarView.swift in Sources */ = {isa = PBXBuildFile; fileRef = B10000000000000000000011 /* SearchBarView.swift */; };
		A10000000000000000000012 /* StationMarkerView.swift in Sources */ = {isa = PBXBuildFile; fileRef = B10000000000000000000012 /* StationMarkerView.swift */; };
		A10000000000000000000013 /* StationRowView.swift in Sources */ = {isa = PBXBuildFile; fileRef = B10000000000000000000013 /* StationRowView.swift */; };
		A10000000000000000000014 /* SearchResultsView.swift in Sources */ = {isa = PBXBuildFile; fileRef = B10000000000000000000014 /* SearchResultsView.swift */; };
		A10000000000000000000015 /* DepartureBoardView.swift in Sources */ = {isa = PBXBuildFile; fileRef = B10000000000000000000015 /* DepartureBoardView.swift */; };
		A10000000000000000000016 /* StationDetailsView.swift in Sources */ = {isa = PBXBuildFile; fileRef = B10000000000000000000016 /* StationDetailsView.swift */; };
		A10000000000000000000017 /* TransitMapView.swift in Sources */ = {isa = PBXBuildFile; fileRef = B10000000000000000000017 /* TransitMapView.swift */; };
		A10000000000000000000018 /* MapSheetView.swift in Sources */ = {isa = PBXBuildFile; fileRef = B10000000000000000000018 /* MapSheetView.swift */; };
		A10000000000000000000019 /* MapScreen.swift in Sources */ = {isa = PBXBuildFile; fileRef = B10000000000000000000019 /* MapScreen.swift */; };
		A1000000000000000000001A /* PrivacyInfo.xcprivacy in Resources */ = {isa = PBXBuildFile; fileRef = B1000000000000000000001A /* PrivacyInfo.xcprivacy */; };
		A1000000000000000000001B /* MapFlowTests.swift in Sources */ = {isa = PBXBuildFile; fileRef = B1000000000000000000001B /* MapFlowTests.swift */; };
		A1000000000000000000001C /* DepartureRowsTests.swift in Sources */ = {isa = PBXBuildFile; fileRef = B1000000000000000000001C /* DepartureRowsTests.swift */; };
		A1000000000000000000001D /* ViewportTilesTests.swift in Sources */ = {isa = PBXBuildFile; fileRef = B1000000000000000000001D /* ViewportTilesTests.swift */; };
		A1000000000000000000001E /* ViaUITests.swift in Sources */ = {isa = PBXBuildFile; fileRef = B1000000000000000000001E /* ViaUITests.swift */; };
		A1000000000000000000001F /* JourneyModels.swift in Sources */ = {isa = PBXBuildFile; fileRef = B1000000000000000000001F /* JourneyModels.swift */; };
		A10000000000000000000020 /* JourneyPresentation.swift in Sources */ = {isa = PBXBuildFile; fileRef = B10000000000000000000020 /* JourneyPresentation.swift */; };
		A10000000000000000000021 /* JourneyScreen.swift in Sources */ = {isa = PBXBuildFile; fileRef = B10000000000000000000021 /* JourneyScreen.swift */; };
		A10000000000000000000022 /* JourneyResultsView.swift in Sources */ = {isa = PBXBuildFile; fileRef = B10000000000000000000022 /* JourneyResultsView.swift */; };
		A10000000000000000000023 /* JourneyOptionRow.swift in Sources */ = {isa = PBXBuildFile; fileRef = B10000000000000000000023 /* JourneyOptionRow.swift */; };
		A10000000000000000000024 /* JourneyDetailView.swift in Sources */ = {isa = PBXBuildFile; fileRef = B10000000000000000000024 /* JourneyDetailView.swift */; };
		A10000000000000000000025 /* JourneySectionRow.swift in Sources */ = {isa = PBXBuildFile; fileRef = B10000000000000000000025 /* JourneySectionRow.swift */; };
		A10000000000000000000026 /* JourneyPresentationTests.swift in Sources */ = {isa = PBXBuildFile; fileRef = B10000000000000000000026 /* JourneyPresentationTests.swift */; };
		A10000000000000000000027 /* AppShellView.swift in Sources */ = {isa = PBXBuildFile; fileRef = B10000000000000000000027 /* AppShellView.swift */; };
		A10000000000000000000028 /* WelcomeView.swift in Sources */ = {isa = PBXBuildFile; fileRef = B10000000000000000000028 /* WelcomeView.swift */; };
		A10000000000000000000029 /* AuthView.swift in Sources */ = {isa = PBXBuildFile; fileRef = B10000000000000000000029 /* AuthView.swift */; };
		A1000000000000000000002A /* ChatModels.swift in Sources */ = {isa = PBXBuildFile; fileRef = B1000000000000000000002A /* ChatModels.swift */; };
		A1000000000000000000002B /* ChatClient.swift in Sources */ = {isa = PBXBuildFile; fileRef = B1000000000000000000002B /* ChatClient.swift */; };
		A1000000000000000000002C /* ChatFeatureModel.swift in Sources */ = {isa = PBXBuildFile; fileRef = B1000000000000000000002C /* ChatFeatureModel.swift */; };
		A1000000000000000000002D /* ChatScreen.swift in Sources */ = {isa = PBXBuildFile; fileRef = B1000000000000000000002D /* ChatScreen.swift */; };
		A1000000000000000000002E /* ChatEmptyStateView.swift in Sources */ = {isa = PBXBuildFile; fileRef = B1000000000000000000002E /* ChatEmptyStateView.swift */; };
		A1000000000000000000002F /* ChatMessageRowView.swift in Sources */ = {isa = PBXBuildFile; fileRef = B1000000000000000000002F /* ChatMessageRowView.swift */; };
		A10000000000000000000030 /* ChatComposerView.swift in Sources */ = {isa = PBXBuildFile; fileRef = B10000000000000000000030 /* ChatComposerView.swift */; };
		A10000000000000000000031 /* ChatItineraryCardView.swift in Sources */ = {isa = PBXBuildFile; fileRef = B10000000000000000000031 /* ChatItineraryCardView.swift */; };
		A10000000000000000000032 /* LinesView.swift in Sources */ = {isa = PBXBuildFile; fileRef = B10000000000000000000032 /* LinesView.swift */; };
		A10000000000000000000033 /* LineRowView.swift in Sources */ = {isa = PBXBuildFile; fileRef = B10000000000000000000033 /* LineRowView.swift */; };
		A10000000000000000000034 /* NavigoView.swift in Sources */ = {isa = PBXBuildFile; fileRef = B10000000000000000000034 /* NavigoView.swift */; };
		A10000000000000000000035 /* ChatStreamParserTests.swift in Sources */ = {isa = PBXBuildFile; fileRef = B10000000000000000000035 /* ChatStreamParserTests.swift */; };
		A10000000000000000000037 /* NativeRuntimeConfiguration.swift in Sources */ = {isa = PBXBuildFile; fileRef = B10000000000000000000036 /* NativeRuntimeConfiguration.swift */; };
		A10000000000000000000038 /* ViaLogger.swift in Sources */ = {isa = PBXBuildFile; fileRef = B10000000000000000000037 /* ViaLogger.swift */; };
		A10000000000000000000039 /* NativeRuntimeConfigurationTests.swift in Sources */ = {isa = PBXBuildFile; fileRef = B10000000000000000000038 /* NativeRuntimeConfigurationTests.swift */; };
		A1000000000000000000003A /* LinePresentation.swift in Sources */ = {isa = PBXBuildFile; fileRef = B10000000000000000000039 /* LinePresentation.swift */; };
		A1000000000000000000003B /* LineDetailView.swift in Sources */ = {isa = PBXBuildFile; fileRef = B1000000000000000000003A /* LineDetailView.swift */; };
		A1000000000000000000003C /* LineStationRowView.swift in Sources */ = {isa = PBXBuildFile; fileRef = B1000000000000000000003B /* LineStationRowView.swift */; };
		A1000000000000000000003D /* LinePresentationTests.swift in Sources */ = {isa = PBXBuildFile; fileRef = B1000000000000000000003C /* LinePresentationTests.swift */; };
		A1000000000000000000003E /* map-sheet-container-view.swift in Sources */ = {isa = PBXBuildFile; fileRef = B1000000000000000000003D /* map-sheet-container-view.swift */; };
		A1000000000000000000003F /* location-permission-view.swift in Sources */ = {isa = PBXBuildFile; fileRef = B1000000000000000000003E /* location-permission-view.swift */; };
		A10000000000000000000040 /* location-permission-card-view.swift in Sources */ = {isa = PBXBuildFile; fileRef = B1000000000000000000003F /* location-permission-card-view.swift */; };
		A10000000000000000000041 /* AuthenticationClient.swift in Sources */ = {isa = PBXBuildFile; fileRef = B10000000000000000000040 /* AuthenticationClient.swift */; };
		A10000000000000000000042 /* NavigoClient.swift in Sources */ = {isa = PBXBuildFile; fileRef = B10000000000000000000041 /* NavigoClient.swift */; };
		A10000000000000000000043 /* unavailable-feature-view.swift in Sources */ = {isa = PBXBuildFile; fileRef = B10000000000000000000042 /* unavailable-feature-view.swift */; };
		A10000000000000000000044 /* NaturalJourneyModels.swift in Sources */ = {isa = PBXBuildFile; fileRef = B10000000000000000000043 /* NaturalJourneyModels.swift */; };
		A10000000000000000000045 /* search-result-row-view.swift in Sources */ = {isa = PBXBuildFile; fileRef = B10000000000000000000044 /* search-result-row-view.swift */; };
		A10000000000000000000046 /* natural-journey-composer-view.swift in Sources */ = {isa = PBXBuildFile; fileRef = B10000000000000000000045 /* natural-journey-composer-view.swift */; };
		A10000000000000000000047 /* natural-journey-header-view.swift in Sources */ = {isa = PBXBuildFile; fileRef = B10000000000000000000046 /* natural-journey-header-view.swift */; };
		A10000000000000000000048 /* natural-journey-clarification-view.swift in Sources */ = {isa = PBXBuildFile; fileRef = B10000000000000000000047 /* natural-journey-clarification-view.swift */; };
		A10000000000000000000049 /* natural-journey-answer-view.swift in Sources */ = {isa = PBXBuildFile; fileRef = B10000000000000000000048 /* natural-journey-answer-view.swift */; };
		A1000000000000000000004A /* natural-journey-failure-view.swift in Sources */ = {isa = PBXBuildFile; fileRef = B10000000000000000000049 /* natural-journey-failure-view.swift */; };
		A1000000000000000000004B /* natural-journey-screen.swift in Sources */ = {isa = PBXBuildFile; fileRef = B1000000000000000000004A /* natural-journey-screen.swift */; };
		A1000000000000000000004C /* apple-maps-directions.swift in Sources */ = {isa = PBXBuildFile; fileRef = B1000000000000000000004B /* apple-maps-directions.swift */; };
		A1000000000000000000004D /* RecentSearches.swift in Sources */ = {isa = PBXBuildFile; fileRef = B1000000000000000000004C /* RecentSearches.swift */; };
		A1000000000000000000004E /* RecentSearchStore.swift in Sources */ = {isa = PBXBuildFile; fileRef = B1000000000000000000004D /* RecentSearchStore.swift */; };
		A1000000000000000000004F /* recent-searches-view.swift in Sources */ = {isa = PBXBuildFile; fileRef = B1000000000000000000004E /* recent-searches-view.swift */; };
		A10000000000000000000050 /* ViaClock.swift in Sources */ = {isa = PBXBuildFile; fileRef = B1000000000000000000004F /* ViaClock.swift */; };
		A10000000000000000000051 /* NaturalJourneyModel.swift in Sources */ = {isa = PBXBuildFile; fileRef = B10000000000000000000050 /* NaturalJourneyModel.swift */; };
		A10000000000000000000052 /* TransitNetworkModel.swift in Sources */ = {isa = PBXBuildFile; fileRef = B10000000000000000000051 /* TransitNetworkModel.swift */; };
		A10000000000000000000053 /* SearchModel.swift in Sources */ = {isa = PBXBuildFile; fileRef = B10000000000000000000052 /* SearchModel.swift */; };
		A10000000000000000000054 /* DeparturesModel.swift in Sources */ = {isa = PBXBuildFile; fileRef = B10000000000000000000053 /* DeparturesModel.swift */; };
		A10000000000000000000055 /* JourneyModel.swift in Sources */ = {isa = PBXBuildFile; fileRef = B10000000000000000000054 /* JourneyModel.swift */; };
/* End PBXBuildFile section */

/* Begin PBXContainerItemProxy section */
		C10000000000000000000001 /* PBXContainerItemProxy */ = {
			isa = PBXContainerItemProxy;
			containerPortal = C20000000000000000000001 /* Project object */;
			proxyType = 1;
			remoteGlobalIDString = C30000000000000000000001;
			remoteInfo = Via;
		};
		C10000000000000000000003 /* PBXContainerItemProxy */ = {
			isa = PBXContainerItemProxy;
			containerPortal = C20000000000000000000001 /* Project object */;
			proxyType = 1;
			remoteGlobalIDString = C30000000000000000000001;
			remoteInfo = Via;
		};
/* End PBXContainerItemProxy section */

/* Begin PBXFileReference section */
		B00000000000000000000001 /* Via.app */ = {isa = PBXFileReference; explicitFileType = wrapper.application; includeInIndex = 0; path = Via.app; sourceTree = BUILT_PRODUCTS_DIR; };
		B00000000000000000000002 /* ViaTests.xctest */ = {isa = PBXFileReference; explicitFileType = wrapper.cfbundle; includeInIndex = 0; path = ViaTests.xctest; sourceTree = BUILT_PRODUCTS_DIR; };
		B00000000000000000000003 /* ViaUITests.xctest */ = {isa = PBXFileReference; explicitFileType = wrapper.cfbundle; includeInIndex = 0; path = ViaUITests.xctest; sourceTree = BUILT_PRODUCTS_DIR; };
		B10000000000000000000001 /* ViaApp.swift */ = {isa = PBXFileReference; lastKnownFileType = sourcecode.swift; path = ViaApp.swift; sourceTree = "<group>"; };
		B10000000000000000000002 /* AppRouter.swift */ = {isa = PBXFileReference; lastKnownFileType = sourcecode.swift; path = AppRouter.swift; sourceTree = "<group>"; };
		B10000000000000000000003 /* AppDependencies.swift */ = {isa = PBXFileReference; lastKnownFileType = sourcecode.swift; path = AppDependencies.swift; sourceTree = "<group>"; };
		B10000000000000000000004 /* RootView.swift */ = {isa = PBXFileReference; lastKnownFileType = sourcecode.swift; path = RootView.swift; sourceTree = "<group>"; };
		B10000000000000000000005 /* ViaTheme.swift */ = {isa = PBXFileReference; lastKnownFileType = sourcecode.swift; path = ViaTheme.swift; sourceTree = "<group>"; };
		B10000000000000000000006 /* ViaButton.swift */ = {isa = PBXFileReference; lastKnownFileType = sourcecode.swift; path = ViaButton.swift; sourceTree = "<group>"; };
		B10000000000000000000007 /* LineBadgeView.swift */ = {isa = PBXFileReference; lastKnownFileType = sourcecode.swift; path = LineBadgeView.swift; sourceTree = "<group>"; };
		B10000000000000000000008 /* TransitModels.swift */ = {isa = PBXFileReference; lastKnownFileType = sourcecode.swift; path = TransitModels.swift; sourceTree = "<group>"; };
		B10000000000000000000009 /* ViewportTiles.swift */ = {isa = PBXFileReference; lastKnownFileType = sourcecode.swift; path = ViewportTiles.swift; sourceTree = "<group>"; };
		B1000000000000000000000A /* MapFlow.swift */ = {isa = PBXFileReference; lastKnownFileType = sourcecode.swift; path = MapFlow.swift; sourceTree = "<group>"; };
		B1000000000000000000000B /* DepartureRows.swift */ = {isa = PBXFileReference; lastKnownFileType = sourcecode.swift; path = DepartureRows.swift; sourceTree = "<group>"; };
		B1000000000000000000000C /* TransitAPI.swift */ = {isa = PBXFileReference; lastKnownFileType = sourcecode.swift; path = TransitAPI.swift; sourceTree = "<group>"; };
		B1000000000000000000000D /* OpenAPITransitAPI.swift */ = {isa = PBXFileReference; lastKnownFileType = sourcecode.swift; path = OpenAPITransitAPI.swift; sourceTree = "<group>"; };
		B1000000000000000000000E /* ClientIdentityStore.swift */ = {isa = PBXFileReference; lastKnownFileType = sourcecode.swift; path = ClientIdentityStore.swift; sourceTree = "<group>"; };
		B1000000000000000000000F /* LocationClient.swift */ = {isa = PBXFileReference; lastKnownFileType = sourcecode.swift; path = LocationClient.swift; sourceTree = "<group>"; };
		B10000000000000000000010 /* MapFeatureModel.swift */ = {isa = PBXFileReference; lastKnownFileType = sourcecode.swift; path = MapFeatureModel.swift; sourceTree = "<group>"; };
		B10000000000000000000011 /* SearchBarView.swift */ = {isa = PBXFileReference; lastKnownFileType = sourcecode.swift; path = SearchBarView.swift; sourceTree = "<group>"; };
		B10000000000000000000012 /* StationMarkerView.swift */ = {isa = PBXFileReference; lastKnownFileType = sourcecode.swift; path = StationMarkerView.swift; sourceTree = "<group>"; };
		B10000000000000000000013 /* StationRowView.swift */ = {isa = PBXFileReference; lastKnownFileType = sourcecode.swift; path = StationRowView.swift; sourceTree = "<group>"; };
		B10000000000000000000014 /* SearchResultsView.swift */ = {isa = PBXFileReference; lastKnownFileType = sourcecode.swift; path = SearchResultsView.swift; sourceTree = "<group>"; };
		B10000000000000000000015 /* DepartureBoardView.swift */ = {isa = PBXFileReference; lastKnownFileType = sourcecode.swift; path = DepartureBoardView.swift; sourceTree = "<group>"; };
		B10000000000000000000016 /* StationDetailsView.swift */ = {isa = PBXFileReference; lastKnownFileType = sourcecode.swift; path = StationDetailsView.swift; sourceTree = "<group>"; };
		B10000000000000000000017 /* TransitMapView.swift */ = {isa = PBXFileReference; lastKnownFileType = sourcecode.swift; path = TransitMapView.swift; sourceTree = "<group>"; };
		B10000000000000000000018 /* MapSheetView.swift */ = {isa = PBXFileReference; lastKnownFileType = sourcecode.swift; path = MapSheetView.swift; sourceTree = "<group>"; };
		B10000000000000000000019 /* MapScreen.swift */ = {isa = PBXFileReference; lastKnownFileType = sourcecode.swift; path = MapScreen.swift; sourceTree = "<group>"; };
		B1000000000000000000001A /* PrivacyInfo.xcprivacy */ = {isa = PBXFileReference; lastKnownFileType = text.plist.xml; path = PrivacyInfo.xcprivacy; sourceTree = "<group>"; };
		B1000000000000000000001B /* MapFlowTests.swift */ = {isa = PBXFileReference; lastKnownFileType = sourcecode.swift; path = MapFlowTests.swift; sourceTree = "<group>"; };
		B1000000000000000000001C /* DepartureRowsTests.swift */ = {isa = PBXFileReference; lastKnownFileType = sourcecode.swift; path = DepartureRowsTests.swift; sourceTree = "<group>"; };
		B1000000000000000000001D /* ViewportTilesTests.swift */ = {isa = PBXFileReference; lastKnownFileType = sourcecode.swift; path = ViewportTilesTests.swift; sourceTree = "<group>"; };
		B1000000000000000000001E /* ViaUITests.swift */ = {isa = PBXFileReference; lastKnownFileType = sourcecode.swift; path = ViaUITests.swift; sourceTree = "<group>"; };
		B1000000000000000000001F /* JourneyModels.swift */ = {isa = PBXFileReference; lastKnownFileType = sourcecode.swift; path = JourneyModels.swift; sourceTree = "<group>"; };
		B10000000000000000000020 /* JourneyPresentation.swift */ = {isa = PBXFileReference; lastKnownFileType = sourcecode.swift; path = JourneyPresentation.swift; sourceTree = "<group>"; };
		B10000000000000000000021 /* JourneyScreen.swift */ = {isa = PBXFileReference; lastKnownFileType = sourcecode.swift; path = JourneyScreen.swift; sourceTree = "<group>"; };
		B10000000000000000000022 /* JourneyResultsView.swift */ = {isa = PBXFileReference; lastKnownFileType = sourcecode.swift; path = JourneyResultsView.swift; sourceTree = "<group>"; };
		B10000000000000000000023 /* JourneyOptionRow.swift */ = {isa = PBXFileReference; lastKnownFileType = sourcecode.swift; path = JourneyOptionRow.swift; sourceTree = "<group>"; };
		B10000000000000000000024 /* JourneyDetailView.swift */ = {isa = PBXFileReference; lastKnownFileType = sourcecode.swift; path = JourneyDetailView.swift; sourceTree = "<group>"; };
		B10000000000000000000025 /* JourneySectionRow.swift */ = {isa = PBXFileReference; lastKnownFileType = sourcecode.swift; path = JourneySectionRow.swift; sourceTree = "<group>"; };
		B10000000000000000000026 /* JourneyPresentationTests.swift */ = {isa = PBXFileReference; lastKnownFileType = sourcecode.swift; path = JourneyPresentationTests.swift; sourceTree = "<group>"; };
		B10000000000000000000027 /* AppShellView.swift */ = {isa = PBXFileReference; lastKnownFileType = sourcecode.swift; path = AppShellView.swift; sourceTree = "<group>"; };
		B10000000000000000000028 /* WelcomeView.swift */ = {isa = PBXFileReference; lastKnownFileType = sourcecode.swift; path = WelcomeView.swift; sourceTree = "<group>"; };
		B10000000000000000000029 /* AuthView.swift */ = {isa = PBXFileReference; lastKnownFileType = sourcecode.swift; path = AuthView.swift; sourceTree = "<group>"; };
		B1000000000000000000002A /* ChatModels.swift */ = {isa = PBXFileReference; lastKnownFileType = sourcecode.swift; path = ChatModels.swift; sourceTree = "<group>"; };
		B1000000000000000000002B /* ChatClient.swift */ = {isa = PBXFileReference; lastKnownFileType = sourcecode.swift; path = ChatClient.swift; sourceTree = "<group>"; };
		B1000000000000000000002C /* ChatFeatureModel.swift */ = {isa = PBXFileReference; lastKnownFileType = sourcecode.swift; path = ChatFeatureModel.swift; sourceTree = "<group>"; };
		B1000000000000000000002D /* ChatScreen.swift */ = {isa = PBXFileReference; lastKnownFileType = sourcecode.swift; path = ChatScreen.swift; sourceTree = "<group>"; };
		B1000000000000000000002E /* ChatEmptyStateView.swift */ = {isa = PBXFileReference; lastKnownFileType = sourcecode.swift; path = ChatEmptyStateView.swift; sourceTree = "<group>"; };
		B1000000000000000000002F /* ChatMessageRowView.swift */ = {isa = PBXFileReference; lastKnownFileType = sourcecode.swift; path = ChatMessageRowView.swift; sourceTree = "<group>"; };
		B10000000000000000000030 /* ChatComposerView.swift */ = {isa = PBXFileReference; lastKnownFileType = sourcecode.swift; path = ChatComposerView.swift; sourceTree = "<group>"; };
		B10000000000000000000031 /* ChatItineraryCardView.swift */ = {isa = PBXFileReference; lastKnownFileType = sourcecode.swift; path = ChatItineraryCardView.swift; sourceTree = "<group>"; };
		B10000000000000000000032 /* LinesView.swift */ = {isa = PBXFileReference; lastKnownFileType = sourcecode.swift; path = LinesView.swift; sourceTree = "<group>"; };
		B10000000000000000000033 /* LineRowView.swift */ = {isa = PBXFileReference; lastKnownFileType = sourcecode.swift; path = LineRowView.swift; sourceTree = "<group>"; };
		B10000000000000000000034 /* NavigoView.swift */ = {isa = PBXFileReference; lastKnownFileType = sourcecode.swift; path = NavigoView.swift; sourceTree = "<group>"; };
		B10000000000000000000035 /* ChatStreamParserTests.swift */ = {isa = PBXFileReference; lastKnownFileType = sourcecode.swift; path = ChatStreamParserTests.swift; sourceTree = "<group>"; };
		B10000000000000000000036 /* NativeRuntimeConfiguration.swift */ = {isa = PBXFileReference; lastKnownFileType = sourcecode.swift; path = NativeRuntimeConfiguration.swift; sourceTree = "<group>"; };
		B10000000000000000000037 /* ViaLogger.swift */ = {isa = PBXFileReference; lastKnownFileType = sourcecode.swift; path = ViaLogger.swift; sourceTree = "<group>"; };
		B10000000000000000000038 /* NativeRuntimeConfigurationTests.swift */ = {isa = PBXFileReference; lastKnownFileType = sourcecode.swift; path = NativeRuntimeConfigurationTests.swift; sourceTree = "<group>"; };
		B10000000000000000000039 /* LinePresentation.swift */ = {isa = PBXFileReference; lastKnownFileType = sourcecode.swift; path = LinePresentation.swift; sourceTree = "<group>"; };
		B1000000000000000000003A /* LineDetailView.swift */ = {isa = PBXFileReference; lastKnownFileType = sourcecode.swift; path = LineDetailView.swift; sourceTree = "<group>"; };
		B1000000000000000000003B /* LineStationRowView.swift */ = {isa = PBXFileReference; lastKnownFileType = sourcecode.swift; path = LineStationRowView.swift; sourceTree = "<group>"; };
		B1000000000000000000003C /* LinePresentationTests.swift */ = {isa = PBXFileReference; lastKnownFileType = sourcecode.swift; path = LinePresentationTests.swift; sourceTree = "<group>"; };
		B1000000000000000000003D /* map-sheet-container-view.swift */ = {isa = PBXFileReference; lastKnownFileType = sourcecode.swift; path = map-sheet-container-view.swift; sourceTree = "<group>"; };
		B1000000000000000000003E /* location-permission-view.swift */ = {isa = PBXFileReference; lastKnownFileType = sourcecode.swift; path = location-permission-view.swift; sourceTree = "<group>"; };
		B1000000000000000000003F /* location-permission-card-view.swift */ = {isa = PBXFileReference; lastKnownFileType = sourcecode.swift; path = location-permission-card-view.swift; sourceTree = "<group>"; };
		B10000000000000000000040 /* AuthenticationClient.swift */ = {isa = PBXFileReference; lastKnownFileType = sourcecode.swift; path = AuthenticationClient.swift; sourceTree = "<group>"; };
		B10000000000000000000041 /* NavigoClient.swift */ = {isa = PBXFileReference; lastKnownFileType = sourcecode.swift; path = NavigoClient.swift; sourceTree = "<group>"; };
		B10000000000000000000042 /* unavailable-feature-view.swift */ = {isa = PBXFileReference; lastKnownFileType = sourcecode.swift; path = unavailable-feature-view.swift; sourceTree = "<group>"; };
		B10000000000000000000043 /* NaturalJourneyModels.swift */ = {isa = PBXFileReference; lastKnownFileType = sourcecode.swift; path = NaturalJourneyModels.swift; sourceTree = "<group>"; };
		B10000000000000000000044 /* search-result-row-view.swift */ = {isa = PBXFileReference; lastKnownFileType = sourcecode.swift; path = search-result-row-view.swift; sourceTree = "<group>"; };
		B10000000000000000000045 /* natural-journey-composer-view.swift */ = {isa = PBXFileReference; lastKnownFileType = sourcecode.swift; path = natural-journey-composer-view.swift; sourceTree = "<group>"; };
		B10000000000000000000046 /* natural-journey-header-view.swift */ = {isa = PBXFileReference; lastKnownFileType = sourcecode.swift; path = natural-journey-header-view.swift; sourceTree = "<group>"; };
		B10000000000000000000047 /* natural-journey-clarification-view.swift */ = {isa = PBXFileReference; lastKnownFileType = sourcecode.swift; path = natural-journey-clarification-view.swift; sourceTree = "<group>"; };
		B10000000000000000000048 /* natural-journey-answer-view.swift */ = {isa = PBXFileReference; lastKnownFileType = sourcecode.swift; path = natural-journey-answer-view.swift; sourceTree = "<group>"; };
		B10000000000000000000049 /* natural-journey-failure-view.swift */ = {isa = PBXFileReference; lastKnownFileType = sourcecode.swift; path = natural-journey-failure-view.swift; sourceTree = "<group>"; };
		B1000000000000000000004A /* natural-journey-screen.swift */ = {isa = PBXFileReference; lastKnownFileType = sourcecode.swift; path = natural-journey-screen.swift; sourceTree = "<group>"; };
		B1000000000000000000004B /* apple-maps-directions.swift */ = {isa = PBXFileReference; lastKnownFileType = sourcecode.swift; path = apple-maps-directions.swift; sourceTree = "<group>"; };
		B1000000000000000000004C /* RecentSearches.swift */ = {isa = PBXFileReference; lastKnownFileType = sourcecode.swift; path = RecentSearches.swift; sourceTree = "<group>"; };
		B1000000000000000000004D /* RecentSearchStore.swift */ = {isa = PBXFileReference; lastKnownFileType = sourcecode.swift; path = RecentSearchStore.swift; sourceTree = "<group>"; };
		B1000000000000000000004E /* recent-searches-view.swift */ = {isa = PBXFileReference; lastKnownFileType = sourcecode.swift; path = recent-searches-view.swift; sourceTree = "<group>"; };
		B1000000000000000000004F /* ViaClock.swift */ = {isa = PBXFileReference; lastKnownFileType = sourcecode.swift; path = ViaClock.swift; sourceTree = "<group>"; };
		B10000000000000000000050 /* NaturalJourneyModel.swift */ = {isa = PBXFileReference; lastKnownFileType = sourcecode.swift; path = NaturalJourneyModel.swift; sourceTree = "<group>"; };
		B10000000000000000000051 /* TransitNetworkModel.swift */ = {isa = PBXFileReference; lastKnownFileType = sourcecode.swift; path = TransitNetworkModel.swift; sourceTree = "<group>"; };
		B10000000000000000000052 /* SearchModel.swift */ = {isa = PBXFileReference; lastKnownFileType = sourcecode.swift; path = SearchModel.swift; sourceTree = "<group>"; };
		B10000000000000000000053 /* DeparturesModel.swift */ = {isa = PBXFileReference; lastKnownFileType = sourcecode.swift; path = DeparturesModel.swift; sourceTree = "<group>"; };
		B10000000000000000000054 /* JourneyModel.swift */ = {isa = PBXFileReference; lastKnownFileType = sourcecode.swift; path = JourneyModel.swift; sourceTree = "<group>"; };
/* End PBXFileReference section */

/* Begin PBXFrameworksBuildPhase section */
		C30000000000000000000002 /* Frameworks */ = {
			isa = PBXFrameworksBuildPhase;
			buildActionMask = 2147483647;
			files = (
				A10000000000000000000036 /* ViaAPIContract in Frameworks */,
			);
			runOnlyForDeploymentPostprocessing = 0;
		};
		C30000000000000000000003 /* Frameworks */ = {
			isa = PBXFrameworksBuildPhase;
			buildActionMask = 2147483647;
			files = (
			);
			runOnlyForDeploymentPostprocessing = 0;
		};
		C30000000000000000000009 /* UI Test Frameworks */ = {
			isa = PBXFrameworksBuildPhase;
			buildActionMask = 2147483647;
			files = (
			);
			runOnlyForDeploymentPostprocessing = 0;
		};
/* End PBXFrameworksBuildPhase section */

/* Begin PBXGroup section */
		D10000000000000000000001 /* App */ = {
			isa = PBXGroup;
			children = (
				B10000000000000000000001 /* ViaApp.swift */,
				B10000000000000000000002 /* AppRouter.swift */,
				B10000000000000000000003 /* AppDependencies.swift */,
				B10000000000000000000004 /* RootView.swift */,
				B10000000000000000000036 /* NativeRuntimeConfiguration.swift */,
				B10000000000000000000027 /* AppShellView.swift */,
				B10000000000000000000028 /* WelcomeView.swift */,
				B10000000000000000000029 /* AuthView.swift */,
			);
			path = App;
			sourceTree = "<group>";
		};
		D10000000000000000000002 /* DesignSystem */ = {
			isa = PBXGroup;
			children = (
				B10000000000000000000005 /* ViaTheme.swift */,
				B10000000000000000000006 /* ViaButton.swift */,
				B10000000000000000000007 /* LineBadgeView.swift */,
				B10000000000000000000042 /* unavailable-feature-view.swift */,
			);
			path = DesignSystem;
			sourceTree = "<group>";
		};
		D10000000000000000000003 /* Domain */ = {
			isa = PBXGroup;
			children = (
				B10000000000000000000008 /* TransitModels.swift */,
				B10000000000000000000039 /* LinePresentation.swift */,
				B10000000000000000000009 /* ViewportTiles.swift */,
				B1000000000000000000000A /* MapFlow.swift */,
				B1000000000000000000000B /* DepartureRows.swift */,
				B1000000000000000000002A /* ChatModels.swift */,
				B1000000000000000000001F /* JourneyModels.swift */,
				B10000000000000000000020 /* JourneyPresentation.swift */,
				B10000000000000000000043 /* NaturalJourneyModels.swift */,
				B1000000000000000000004C /* RecentSearches.swift */,
			);
			path = Domain;
			sourceTree = "<group>";
		};
		D10000000000000000000004 /* Infrastructure */ = {
			isa = PBXGroup;
			children = (
				B1000000000000000000000C /* TransitAPI.swift */,
				B1000000000000000000000D /* OpenAPITransitAPI.swift */,
				B1000000000000000000000E /* ClientIdentityStore.swift */,
				B1000000000000000000000F /* LocationClient.swift */,
				B10000000000000000000040 /* AuthenticationClient.swift */,
				B10000000000000000000041 /* NavigoClient.swift */,
				B1000000000000000000002B /* ChatClient.swift */,
				B10000000000000000000037 /* ViaLogger.swift */,
				B1000000000000000000004D /* RecentSearchStore.swift */,
				B1000000000000000000004F /* ViaClock.swift */,
			);
			path = Infrastructure;
			sourceTree = "<group>";
		};
		D10000000000000000000005 /* Map */ = {
			isa = PBXGroup;
			children = (
				B10000000000000000000010 /* MapFeatureModel.swift */,
				B10000000000000000000011 /* SearchBarView.swift */,
				B10000000000000000000012 /* StationMarkerView.swift */,
				B10000000000000000000013 /* StationRowView.swift */,
				B10000000000000000000016 /* StationDetailsView.swift */,
				B10000000000000000000017 /* TransitMapView.swift */,
				B10000000000000000000018 /* MapSheetView.swift */,
				B1000000000000000000003E /* location-permission-view.swift */,
				B1000000000000000000003F /* location-permission-card-view.swift */,
				B1000000000000000000003D /* map-sheet-container-view.swift */,
				B10000000000000000000019 /* MapScreen.swift */,
			);
			path = Map;
			sourceTree = "<group>";
		};
		D10000000000000000000006 /* Search */ = {
			isa = PBXGroup;
			children = (
				B10000000000000000000052 /* SearchModel.swift */,
				B10000000000000000000014 /* SearchResultsView.swift */,
				B10000000000000000000044 /* search-result-row-view.swift */,
				B1000000000000000000004E /* recent-searches-view.swift */,
			);
			path = Search;
			sourceTree = "<group>";
		};
		D10000000000000000000007 /* Departures */ = {
			isa = PBXGroup;
			children = (
				B10000000000000000000053 /* DeparturesModel.swift */,
				B10000000000000000000015 /* DepartureBoardView.swift */,
			);
			path = Departures;
			sourceTree = "<group>";
		};
		D1000000000000000000000F /* Journey */ = {
			isa = PBXGroup;
			children = (
				B10000000000000000000054 /* JourneyModel.swift */,
				B10000000000000000000050 /* NaturalJourneyModel.swift */,
				B10000000000000000000021 /* JourneyScreen.swift */,
				B10000000000000000000022 /* JourneyResultsView.swift */,
				B10000000000000000000023 /* JourneyOptionRow.swift */,
				B10000000000000000000024 /* JourneyDetailView.swift */,
				B10000000000000000000025 /* JourneySectionRow.swift */,
				B10000000000000000000045 /* natural-journey-composer-view.swift */,
				B10000000000000000000046 /* natural-journey-header-view.swift */,
				B10000000000000000000047 /* natural-journey-clarification-view.swift */,
				B10000000000000000000048 /* natural-journey-answer-view.swift */,
				B10000000000000000000049 /* natural-journey-failure-view.swift */,
				B1000000000000000000004A /* natural-journey-screen.swift */,
				B1000000000000000000004B /* apple-maps-directions.swift */,
			);
			path = Journey;
			sourceTree = "<group>";
		};
		D10000000000000000000010 /* Chat */ = {
			isa = PBXGroup;
			children = (
				B1000000000000000000002C /* ChatFeatureModel.swift */,
				B1000000000000000000002D /* ChatScreen.swift */,
				B1000000000000000000002E /* ChatEmptyStateView.swift */,
				B1000000000000000000002F /* ChatMessageRowView.swift */,
				B10000000000000000000030 /* ChatComposerView.swift */,
				B10000000000000000000031 /* ChatItineraryCardView.swift */,
			);
			path = Chat;
			sourceTree = "<group>";
		};
		D10000000000000000000011 /* Shell */ = {
			isa = PBXGroup;
			children = (
				B10000000000000000000032 /* LinesView.swift */,
				B10000000000000000000033 /* LineRowView.swift */,
				B1000000000000000000003A /* LineDetailView.swift */,
				B1000000000000000000003B /* LineStationRowView.swift */,
				B10000000000000000000034 /* NavigoView.swift */,
			);
			path = Shell;
			sourceTree = "<group>";
		};
		D10000000000000000000012 /* Network */ = {
			isa = PBXGroup;
			children = (
				B10000000000000000000051 /* TransitNetworkModel.swift */,
			);
			path = Network;
			sourceTree = "<group>";
		};
		D10000000000000000000008 /* Features */ = {
			isa = PBXGroup;
			children = (
				D10000000000000000000005 /* Map */,
				D10000000000000000000006 /* Search */,
				D10000000000000000000007 /* Departures */,
				D1000000000000000000000F /* Journey */,
				D10000000000000000000010 /* Chat */,
				D10000000000000000000011 /* Shell */,
				D10000000000000000000012 /* Network */,
			);
			path = Features;
			sourceTree = "<group>";
		};
		D10000000000000000000009 /* Via */ = {
			isa = PBXGroup;
			children = (
				D10000000000000000000001 /* App */,
				D10000000000000000000002 /* DesignSystem */,
				D10000000000000000000003 /* Domain */,
				D10000000000000000000004 /* Infrastructure */,
				D10000000000000000000008 /* Features */,
				B1000000000000000000001A /* PrivacyInfo.xcprivacy */,
			);
			path = Via;
			sourceTree = "<group>";
		};
		D1000000000000000000000A /* ViaTests */ = {
			isa = PBXGroup;
			children = (
				B1000000000000000000001B /* MapFlowTests.swift */,
				B1000000000000000000001C /* DepartureRowsTests.swift */,
				B1000000000000000000001D /* ViewportTilesTests.swift */,
				B10000000000000000000026 /* JourneyPresentationTests.swift */,
				B10000000000000000000035 /* ChatStreamParserTests.swift */,
				B10000000000000000000038 /* NativeRuntimeConfigurationTests.swift */,
				B1000000000000000000003C /* LinePresentationTests.swift */,
			);
			path = ViaTests;
			sourceTree = "<group>";
		};
		D1000000000000000000000E /* ViaUITests */ = {
			isa = PBXGroup;
			children = (
				B1000000000000000000001E /* ViaUITests.swift */,
			);
			path = ViaUITests;
			sourceTree = "<group>";
		};
		D1000000000000000000000B /* Products */ = {
			isa = PBXGroup;
			children = (
				B00000000000000000000001 /* Via.app */,
				B00000000000000000000002 /* ViaTests.xctest */,
				B00000000000000000000003 /* ViaUITests.xctest */,
			);
			name = Products;
			sourceTree = "<group>";
		};
		D1000000000000000000000C = {
			isa = PBXGroup;
			children = (
				D10000000000000000000009 /* Via */,
				D1000000000000000000000A /* ViaTests */,
				D1000000000000000000000E /* ViaUITests */,
				D1000000000000000000000B /* Products */,
			);
			sourceTree = "<group>";
		};
/* End PBXGroup section */

/* Begin PBXNativeTarget section */
		C30000000000000000000001 /* Via */ = {
			isa = PBXNativeTarget;
			buildConfigurationList = E10000000000000000000001 /* Build configuration list for PBXNativeTarget "Via" */;
			buildPhases = (
				C30000000000000000000004 /* Sources */,
				C30000000000000000000002 /* Frameworks */,
				C30000000000000000000005 /* Resources */,
			);
			buildRules = (
			);
			dependencies = (
			);
			name = Via;
			packageProductDependencies = (
				F20000000000000000000001 /* ViaAPIContract */,
			);
			productName = Via;
			productReference = B00000000000000000000001 /* Via.app */;
			productType = "com.apple.product-type.application";
		};
		C30000000000000000000006 /* ViaTests */ = {
			isa = PBXNativeTarget;
			buildConfigurationList = E10000000000000000000002 /* Build configuration list for PBXNativeTarget "ViaTests" */;
			buildPhases = (
				C30000000000000000000007 /* Test Sources */,
				C30000000000000000000003 /* Frameworks */,
				C30000000000000000000008 /* Test Resources */,
			);
			buildRules = (
			);
			dependencies = (
				C10000000000000000000002 /* PBXTargetDependency */,
			);
			name = ViaTests;
			productName = ViaTests;
			productReference = B00000000000000000000002 /* ViaTests.xctest */;
			productType = "com.apple.product-type.bundle.unit-test";
		};
		C3000000000000000000000C /* ViaUITests */ = {
			isa = PBXNativeTarget;
			buildConfigurationList = E10000000000000000000004 /* Build configuration list for PBXNativeTarget "ViaUITests" */;
			buildPhases = (
				C3000000000000000000000A /* UI Test Sources */,
				C30000000000000000000009 /* UI Test Frameworks */,
				C3000000000000000000000B /* UI Test Resources */,
			);
			buildRules = (
			);
			dependencies = (
				C10000000000000000000004 /* PBXTargetDependency */,
			);
			name = ViaUITests;
			productName = ViaUITests;
			productReference = B00000000000000000000003 /* ViaUITests.xctest */;
			productType = "com.apple.product-type.bundle.ui-testing";
		};
/* End PBXNativeTarget section */

/* Begin PBXProject section */
		C20000000000000000000001 /* Project object */ = {
			isa = PBXProject;
			attributes = {
				BuildIndependentTargetsInParallel = 1;
				LastUpgradeCheck = 2630;
				TargetAttributes = {
					C30000000000000000000001 = {
						LastSwiftMigration = 2630;
					};
					C30000000000000000000006 = {
						TestTargetID = C30000000000000000000001;
					};
					C3000000000000000000000C = {
						TestTargetID = C30000000000000000000001;
					};
				};
			};
			buildConfigurationList = E10000000000000000000003 /* Build configuration list for PBXProject "Via" */;
			compatibilityVersion = "Xcode 16.0";
			developmentRegion = fr;
			hasScannedForEncodings = 0;
			knownRegions = (
				fr,
				en,
				Base,
			);
			mainGroup = D1000000000000000000000C;
			packageReferences = (
				F30000000000000000000001 /* XCLocalSwiftPackageReference "Packages/ViaAPIContract" */,
			);
			productRefGroup = D1000000000000000000000B /* Products */;
			projectDirPath = "";
			projectRoot = "";
			targets = (
				C30000000000000000000001 /* Via */,
				C30000000000000000000006 /* ViaTests */,
				C3000000000000000000000C /* ViaUITests */,
			);
		};
/* End PBXProject section */

/* Begin XCLocalSwiftPackageReference section */
		F30000000000000000000001 /* XCLocalSwiftPackageReference "Packages/ViaAPIContract" */ = {
			isa = XCLocalSwiftPackageReference;
			relativePath = Packages/ViaAPIContract;
		};
/* End XCLocalSwiftPackageReference section */

/* Begin XCSwiftPackageProductDependency section */
		F20000000000000000000001 /* ViaAPIContract */ = {
			isa = XCSwiftPackageProductDependency;
			package = F30000000000000000000001 /* XCLocalSwiftPackageReference "Packages/ViaAPIContract" */;
			productName = ViaAPIContract;
		};
/* End XCSwiftPackageProductDependency section */

/* Begin PBXResourcesBuildPhase section */
		C30000000000000000000005 /* Resources */ = {
			isa = PBXResourcesBuildPhase;
			buildActionMask = 2147483647;
			files = (
				A1000000000000000000001A /* PrivacyInfo.xcprivacy in Resources */,
			);
			runOnlyForDeploymentPostprocessing = 0;
		};
		C30000000000000000000008 /* Test Resources */ = {
			isa = PBXResourcesBuildPhase;
			buildActionMask = 2147483647;
			files = (
			);
			runOnlyForDeploymentPostprocessing = 0;
		};
		C3000000000000000000000B /* UI Test Resources */ = {
			isa = PBXResourcesBuildPhase;
			buildActionMask = 2147483647;
			files = (
			);
			runOnlyForDeploymentPostprocessing = 0;
		};
/* End PBXResourcesBuildPhase section */

/* Begin PBXTargetDependency section */
		C10000000000000000000002 /* PBXTargetDependency */ = {
			isa = PBXTargetDependency;
			target = C30000000000000000000001 /* Via */;
			targetProxy = C10000000000000000000001 /* PBXContainerItemProxy */;
		};
		C10000000000000000000004 /* PBXTargetDependency */ = {
			isa = PBXTargetDependency;
			target = C30000000000000000000001 /* Via */;
			targetProxy = C10000000000000000000003 /* PBXContainerItemProxy */;
		};
/* End PBXTargetDependency section */

/* Begin PBXSourcesBuildPhase section */
		C30000000000000000000004 /* Sources */ = {
			isa = PBXSourcesBuildPhase;
			buildActionMask = 2147483647;
			files = (
				A10000000000000000000001 /* ViaApp.swift in Sources */,
				A10000000000000000000002 /* AppRouter.swift in Sources */,
				A10000000000000000000003 /* AppDependencies.swift in Sources */,
				A10000000000000000000004 /* RootView.swift in Sources */,
				A10000000000000000000005 /* ViaTheme.swift in Sources */,
				A10000000000000000000006 /* ViaButton.swift in Sources */,
				A10000000000000000000007 /* LineBadgeView.swift in Sources */,
				A10000000000000000000008 /* TransitModels.swift in Sources */,
				A10000000000000000000009 /* ViewportTiles.swift in Sources */,
				A1000000000000000000000A /* MapFlow.swift in Sources */,
				A1000000000000000000000B /* DepartureRows.swift in Sources */,
				A1000000000000000000001F /* JourneyModels.swift in Sources */,
				A10000000000000000000020 /* JourneyPresentation.swift in Sources */,
				A10000000000000000000044 /* NaturalJourneyModels.swift in Sources */,
				A10000000000000000000051 /* NaturalJourneyModel.swift in Sources */,
				A10000000000000000000052 /* TransitNetworkModel.swift in Sources */,
				A10000000000000000000053 /* SearchModel.swift in Sources */,
				A10000000000000000000054 /* DeparturesModel.swift in Sources */,
				A10000000000000000000055 /* JourneyModel.swift in Sources */,
				A1000000000000000000004D /* RecentSearches.swift in Sources */,
				A1000000000000000000000C /* TransitAPI.swift in Sources */,
				A1000000000000000000000D /* OpenAPITransitAPI.swift in Sources */,
				A1000000000000000000000E /* ClientIdentityStore.swift in Sources */,
				A1000000000000000000004E /* RecentSearchStore.swift in Sources */,
				A10000000000000000000050 /* ViaClock.swift in Sources */,
				A1000000000000000000000F /* LocationClient.swift in Sources */,
				A10000000000000000000041 /* AuthenticationClient.swift in Sources */,
				A10000000000000000000042 /* NavigoClient.swift in Sources */,
				A10000000000000000000010 /* MapFeatureModel.swift in Sources */,
				A10000000000000000000011 /* SearchBarView.swift in Sources */,
				A10000000000000000000012 /* StationMarkerView.swift in Sources */,
				A10000000000000000000013 /* StationRowView.swift in Sources */,
				A10000000000000000000014 /* SearchResultsView.swift in Sources */,
				A10000000000000000000015 /* DepartureBoardView.swift in Sources */,
				A10000000000000000000016 /* StationDetailsView.swift in Sources */,
				A10000000000000000000017 /* TransitMapView.swift in Sources */,
				A10000000000000000000018 /* MapSheetView.swift in Sources */,
				A10000000000000000000019 /* MapScreen.swift in Sources */,
				A10000000000000000000021 /* JourneyScreen.swift in Sources */,
				A10000000000000000000022 /* JourneyResultsView.swift in Sources */,
				A10000000000000000000023 /* JourneyOptionRow.swift in Sources */,
				A10000000000000000000024 /* JourneyDetailView.swift in Sources */,
				A10000000000000000000025 /* JourneySectionRow.swift in Sources */,
				A10000000000000000000027 /* AppShellView.swift in Sources */,
				A10000000000000000000028 /* WelcomeView.swift in Sources */,
				A10000000000000000000029 /* AuthView.swift in Sources */,
				A1000000000000000000002A /* ChatModels.swift in Sources */,
				A1000000000000000000002B /* ChatClient.swift in Sources */,
				A1000000000000000000002C /* ChatFeatureModel.swift in Sources */,
				A1000000000000000000002D /* ChatScreen.swift in Sources */,
				A1000000000000000000002E /* ChatEmptyStateView.swift in Sources */,
				A1000000000000000000002F /* ChatMessageRowView.swift in Sources */,
				A10000000000000000000030 /* ChatComposerView.swift in Sources */,
				A10000000000000000000031 /* ChatItineraryCardView.swift in Sources */,
				A10000000000000000000032 /* LinesView.swift in Sources */,
				A10000000000000000000033 /* LineRowView.swift in Sources */,
				A10000000000000000000034 /* NavigoView.swift in Sources */,
				A10000000000000000000037 /* NativeRuntimeConfiguration.swift in Sources */,
				A10000000000000000000038 /* ViaLogger.swift in Sources */,
				A1000000000000000000003A /* LinePresentation.swift in Sources */,
				A1000000000000000000003B /* LineDetailView.swift in Sources */,
				A1000000000000000000003C /* LineStationRowView.swift in Sources */,
				A1000000000000000000003E /* map-sheet-container-view.swift in Sources */,
				A1000000000000000000003F /* location-permission-view.swift in Sources */,
				A10000000000000000000040 /* location-permission-card-view.swift in Sources */,
				A10000000000000000000043 /* unavailable-feature-view.swift in Sources */,
				A10000000000000000000045 /* search-result-row-view.swift in Sources */,
				A1000000000000000000004F /* recent-searches-view.swift in Sources */,
				A10000000000000000000046 /* natural-journey-composer-view.swift in Sources */,
				A10000000000000000000047 /* natural-journey-header-view.swift in Sources */,
				A10000000000000000000048 /* natural-journey-clarification-view.swift in Sources */,
				A10000000000000000000049 /* natural-journey-answer-view.swift in Sources */,
				A1000000000000000000004A /* natural-journey-failure-view.swift in Sources */,
				A1000000000000000000004B /* natural-journey-screen.swift in Sources */,
				A1000000000000000000004C /* apple-maps-directions.swift in Sources */,
			);
			runOnlyForDeploymentPostprocessing = 0;
		};
		C30000000000000000000007 /* Test Sources */ = {
			isa = PBXSourcesBuildPhase;
			buildActionMask = 2147483647;
			files = (
				A1000000000000000000001B /* MapFlowTests.swift in Sources */,
				A1000000000000000000001C /* DepartureRowsTests.swift in Sources */,
				A1000000000000000000001D /* ViewportTilesTests.swift in Sources */,
				A10000000000000000000026 /* JourneyPresentationTests.swift in Sources */,
				A10000000000000000000035 /* ChatStreamParserTests.swift in Sources */,
				A10000000000000000000039 /* NativeRuntimeConfigurationTests.swift in Sources */,
				A1000000000000000000003D /* LinePresentationTests.swift in Sources */,
			);
			runOnlyForDeploymentPostprocessing = 0;
		};
		C3000000000000000000000A /* UI Test Sources */ = {
			isa = PBXSourcesBuildPhase;
			buildActionMask = 2147483647;
			files = (
				A1000000000000000000001E /* ViaUITests.swift in Sources */,
			);
			runOnlyForDeploymentPostprocessing = 0;
		};
/* End PBXSourcesBuildPhase section */

/* Begin XCBuildConfiguration section */
		F10000000000000000000001 /* Debug */ = {
			isa = XCBuildConfiguration;
			buildSettings = {
				ALWAYS_SEARCH_USER_PATHS = NO;
				CLANG_ENABLE_MODULES = YES;
				CODE_SIGN_STYLE = Automatic;
				CURRENT_PROJECT_VERSION = 1;
				DEVELOPMENT_TEAM = HZAYG4Q47N;
				ENABLE_TESTABILITY = YES;
				GENERATE_INFOPLIST_FILE = NO;
				INFOPLIST_FILE = Via/Info.plist;
				IPHONEOS_DEPLOYMENT_TARGET = 26.0;
				LD_RUNPATH_SEARCH_PATHS = (
					"$(inherited)",
					"@executable_path/Frameworks",
				);
				MARKETING_VERSION = 1.0.0;
				PRODUCT_BUNDLE_IDENTIFIER = dev.via.app.native;
				PRODUCT_NAME = Via;
				SDKROOT = iphoneos;
				SWIFT_OPTIMIZATION_LEVEL = "-Onone";
				SWIFT_ACTIVE_COMPILATION_CONDITIONS = DEBUG;
				SWIFT_STRICT_CONCURRENCY = complete;
				SWIFT_VERSION = 6.0;
				TARGETED_DEVICE_FAMILY = 1;
			};
			name = Debug;
		};
		F10000000000000000000002 /* Release */ = {
			isa = XCBuildConfiguration;
			buildSettings = {
				ALWAYS_SEARCH_USER_PATHS = NO;
				CLANG_ENABLE_MODULES = YES;
				CODE_SIGN_STYLE = Automatic;
				CURRENT_PROJECT_VERSION = 1;
				DEVELOPMENT_TEAM = HZAYG4Q47N;
				GENERATE_INFOPLIST_FILE = NO;
				INFOPLIST_FILE = Via/Info.plist;
				IPHONEOS_DEPLOYMENT_TARGET = 26.0;
				LD_RUNPATH_SEARCH_PATHS = (
					"$(inherited)",
					"@executable_path/Frameworks",
				);
				MARKETING_VERSION = 1.0.0;
				PRODUCT_BUNDLE_IDENTIFIER = dev.via.app;
				PRODUCT_NAME = Via;
				SDKROOT = iphoneos;
				SWIFT_STRICT_CONCURRENCY = complete;
				SWIFT_VERSION = 6.0;
				TARGETED_DEVICE_FAMILY = 1;
			};
			name = Release;
		};
		F10000000000000000000003 /* Test Debug */ = {
			isa = XCBuildConfiguration;
			buildSettings = {
				BUNDLE_LOADER = "$(TEST_HOST)";
				CODE_SIGN_STYLE = Automatic;
				CURRENT_PROJECT_VERSION = 1;
				DEVELOPMENT_TEAM = HZAYG4Q47N;
				GENERATE_INFOPLIST_FILE = YES;
				IPHONEOS_DEPLOYMENT_TARGET = 26.0;
				PRODUCT_BUNDLE_IDENTIFIER = dev.via.app.native.tests;
				PRODUCT_NAME = ViaTests;
				SDKROOT = iphoneos;
				SWIFT_STRICT_CONCURRENCY = complete;
				SWIFT_VERSION = 6.0;
				TEST_HOST = "$(BUILT_PRODUCTS_DIR)/Via.app/Via";
			};
			name = Debug;
		};
		F10000000000000000000004 /* Test Release */ = {
			isa = XCBuildConfiguration;
			buildSettings = {
				BUNDLE_LOADER = "$(TEST_HOST)";
				CODE_SIGN_STYLE = Automatic;
				CURRENT_PROJECT_VERSION = 1;
				DEVELOPMENT_TEAM = HZAYG4Q47N;
				GENERATE_INFOPLIST_FILE = YES;
				IPHONEOS_DEPLOYMENT_TARGET = 26.0;
				PRODUCT_BUNDLE_IDENTIFIER = dev.via.app.native.tests;
				PRODUCT_NAME = ViaTests;
				SDKROOT = iphoneos;
				SWIFT_STRICT_CONCURRENCY = complete;
				SWIFT_VERSION = 6.0;
				TEST_HOST = "$(BUILT_PRODUCTS_DIR)/Via.app/Via";
			};
			name = Release;
		};
		F10000000000000000000005 /* Project Debug */ = {
			isa = XCBuildConfiguration;
			buildSettings = {
				CLANG_ENABLE_MODULES = YES;
				IPHONEOS_DEPLOYMENT_TARGET = 26.0;
				SDKROOT = iphoneos;
				SWIFT_STRICT_CONCURRENCY = complete;
				SWIFT_VERSION = 6.0;
			};
			name = Debug;
		};
		F10000000000000000000006 /* Project Release */ = {
			isa = XCBuildConfiguration;
			buildSettings = {
				CLANG_ENABLE_MODULES = YES;
				IPHONEOS_DEPLOYMENT_TARGET = 26.0;
				SDKROOT = iphoneos;
				SWIFT_STRICT_CONCURRENCY = complete;
				SWIFT_VERSION = 6.0;
			};
			name = Release;
		};
		F10000000000000000000007 /* UI Test Debug */ = {
			isa = XCBuildConfiguration;
			buildSettings = {
				CODE_SIGN_STYLE = Automatic;
				CURRENT_PROJECT_VERSION = 1;
				DEVELOPMENT_TEAM = HZAYG4Q47N;
				GENERATE_INFOPLIST_FILE = YES;
				IPHONEOS_DEPLOYMENT_TARGET = 26.0;
				PRODUCT_BUNDLE_IDENTIFIER = dev.via.app.native.uitests;
				PRODUCT_NAME = ViaUITests;
				SDKROOT = iphoneos;
				SWIFT_STRICT_CONCURRENCY = complete;
				SWIFT_VERSION = 6.0;
				TARGETED_DEVICE_FAMILY = 1;
				TEST_TARGET_NAME = Via;
			};
			name = Debug;
		};
		F10000000000000000000008 /* UI Test Release */ = {
			isa = XCBuildConfiguration;
			buildSettings = {
				CODE_SIGN_STYLE = Automatic;
				CURRENT_PROJECT_VERSION = 1;
				DEVELOPMENT_TEAM = HZAYG4Q47N;
				GENERATE_INFOPLIST_FILE = YES;
				IPHONEOS_DEPLOYMENT_TARGET = 26.0;
				PRODUCT_BUNDLE_IDENTIFIER = dev.via.app.native.uitests;
				PRODUCT_NAME = ViaUITests;
				SDKROOT = iphoneos;
				SWIFT_STRICT_CONCURRENCY = complete;
				SWIFT_VERSION = 6.0;
				TARGETED_DEVICE_FAMILY = 1;
				TEST_TARGET_NAME = Via;
			};
			name = Release;
		};
/* End XCBuildConfiguration section */

/* Begin XCConfigurationList section */
		E10000000000000000000001 /* Build configuration list for PBXNativeTarget "Via" */ = {
			isa = XCConfigurationList;
			buildConfigurations = (
				F10000000000000000000001 /* Debug */,
				F10000000000000000000002 /* Release */,
			);
			defaultConfigurationIsVisible = 0;
			defaultConfigurationName = Release;
		};
		E10000000000000000000002 /* Build configuration list for PBXNativeTarget "ViaTests" */ = {
			isa = XCConfigurationList;
			buildConfigurations = (
				F10000000000000000000003 /* Test Debug */,
				F10000000000000000000004 /* Test Release */,
			);
			defaultConfigurationIsVisible = 0;
			defaultConfigurationName = Release;
		};
		E10000000000000000000003 /* Build configuration list for PBXProject "Via" */ = {
			isa = XCConfigurationList;
			buildConfigurations = (
				F10000000000000000000005 /* Project Debug */,
				F10000000000000000000006 /* Project Release */,
			);
			defaultConfigurationIsVisible = 0;
			defaultConfigurationName = Release;
		};
		E10000000000000000000004 /* Build configuration list for PBXNativeTarget "ViaUITests" */ = {
			isa = XCConfigurationList;
			buildConfigurations = (
				F10000000000000000000007 /* UI Test Debug */,
				F10000000000000000000008 /* UI Test Release */,
			);
			defaultConfigurationIsVisible = 0;
			defaultConfigurationName = Release;
		};
/* End XCConfigurationList section */
	};
	rootObject = C20000000000000000000001 /* Project object */;
}
